// !$*UTF8*$!
{
	archiveVersion = 1;
	classes = {
	};
	objectVersion = 46;
	objects = {

/* Begin PBXBuildFile section */
		606D9C9417FAE5200088351E /* CocoaMite.m in Sources */ = {isa = PBXBuildFile; fileRef = 606D9C9317FAE5200088351E /* CocoaMite.m */; };
		606D9C9617FB05FD0088351E /* UTests.m in Sources */ = {isa = PBXBuildFile; fileRef = 606D9C9517FB05FD0088351E /* UTests.m */; };
		60C3A53A17F9897C005F0EB7 /* SenTestingKit.framework in Frameworks */ = {isa = PBXBuildFile; fileRef = 60C3A53917F9897C005F0EB7 /* SenTestingKit.framework */; };
		60C3A54417F9897C005F0EB7 /* InfoPlist.strings in Resources */ = {isa = PBXBuildFile; fileRef = 60C3A54217F9897C005F0EB7 /* InfoPlist.strings */; };
		60C3A54617F9897C005F0EB7 /* RTests.m in Sources */ = {isa = PBXBuildFile; fileRef = 60C3A54517F9897C005F0EB7 /* RTests.m */; };
		60CECC851805366800D87A03 /* AFHTTPClient.m in Sources */ = {isa = PBXBuildFile; fileRef = 60CECC731805366800D87A03 /* AFHTTPClient.m */; };
		60CECC861805366800D87A03 /* AFHTTPRequestOperation.m in Sources */ = {isa = PBXBuildFile; fileRef = 60CECC751805366800D87A03 /* AFHTTPRequestOperation.m */; };
		60CECC871805366800D87A03 /* AFImageRequestOperation.m in Sources */ = {isa = PBXBuildFile; fileRef = 60CECC771805366800D87A03 /* AFImageRequestOperation.m */; };
		60CECC881805366800D87A03 /* AFJSONRequestOperation.m in Sources */ = {isa = PBXBuildFile; fileRef = 60CECC791805366800D87A03 /* AFJSONRequestOperation.m */; };
		60CECC891805366800D87A03 /* AFNetworkActivityIndicatorManager.m in Sources */ = {isa = PBXBuildFile; fileRef = 60CECC7B1805366800D87A03 /* AFNetworkActivityIndicatorManager.m */; };
		60CECC8A1805366800D87A03 /* AFPropertyListRequestOperation.m in Sources */ = {isa = PBXBuildFile; fileRef = 60CECC7E1805366800D87A03 /* AFPropertyListRequestOperation.m */; };
		60CECC8B1805366800D87A03 /* AFURLConnectionOperation.m in Sources */ = {isa = PBXBuildFile; fileRef = 60CECC801805366800D87A03 /* AFURLConnectionOperation.m */; };
		60CECC8C1805366800D87A03 /* AFXMLRequestOperation.m in Sources */ = {isa = PBXBuildFile; fileRef = 60CECC821805366800D87A03 /* AFXMLRequestOperation.m */; };
		60CECC8D1805366800D87A03 /* UIImageView+AFNetworking.m in Sources */ = {isa = PBXBuildFile; fileRef = 60CECC841805366800D87A03 /* UIImageView+AFNetworking.m */; };
		60CECC8E1805370900D87A03 /* SystemConfiguration.framework in Frameworks */ = {isa = PBXBuildFile; fileRef = 604F30D717FC19E500ADF66E /* SystemConfiguration.framework */; };
		60CECC8F1805371100D87A03 /* MobileCoreServices.framework in Frameworks */ = {isa = PBXBuildFile; fileRef = 604F30D917FC19EA00ADF66E /* MobileCoreServices.framework */; };
		60CECC931805372600D87A03 /* UIKit.framework in Frameworks */ = {isa = PBXBuildFile; fileRef = 60CECC921805372600D87A03 /* UIKit.framework */; };
		60CECC951805372F00D87A03 /* Foundation.framework in Frameworks */ = {isa = PBXBuildFile; fileRef = 60CECC941805372F00D87A03 /* Foundation.framework */; };
		60E8A58D17FB1711000CF936 /* CTests.m in Sources */ = {isa = PBXBuildFile; fileRef = 60E8A58C17FB1711000CF936 /* CTests.m */; };
		60E8A58F17FB17B1000CF936 /* DTests.m in Sources */ = {isa = PBXBuildFile; fileRef = 60E8A58E17FB17B1000CF936 /* DTests.m */; };
/* End PBXBuildFile section */

/* Begin PBXFileReference section */
		602F7BA718003E1700F2E0B7 /* Defines.h */ = {isa = PBXFileReference; fileEncoding = 4; lastKnownFileType = sourcecode.c.h; path = Defines.h; sourceTree = "<group>"; };
		604F30D717FC19E500ADF66E /* SystemConfiguration.framework */ = {isa = PBXFileReference; lastKnownFileType = wrapper.framework; name = SystemConfiguration.framework; path = Platforms/iPhoneOS.platform/Developer/SDKs/iPhoneOS7.0.sdk/System/Library/Frameworks/SystemConfiguration.framework; sourceTree = DEVELOPER_DIR; };
		604F30D917FC19EA00ADF66E /* MobileCoreServices.framework */ = {isa = PBXFileReference; lastKnownFileType = wrapper.framework; name = MobileCoreServices.framework; path = Platforms/iPhoneOS.platform/Developer/SDKs/iPhoneOS7.0.sdk/System/Library/Frameworks/MobileCoreServices.framework; sourceTree = DEVELOPER_DIR; };
		6056110817F9B2E900102BE4 /* Foundation.framework */ = {isa = PBXFileReference; lastKnownFileType = wrapper.framework; name = Foundation.framework; path = System/Library/Frameworks/Foundation.framework; sourceTree = SDKROOT; };
		6056110A17F9B2EE00102BE4 /* Cocoa.framework */ = {isa = PBXFileReference; lastKnownFileType = wrapper.framework; name = Cocoa.framework; path = System/Library/Frameworks/Cocoa.framework; sourceTree = SDKROOT; };
		606D9C9217FAE5200088351E /* CocoaMite.h */ = {isa = PBXFileReference; fileEncoding = 4; lastKnownFileType = sourcecode.c.h; path = CocoaMite.h; sourceTree = "<group>"; };
		606D9C9317FAE5200088351E /* CocoaMite.m */ = {isa = PBXFileReference; fileEncoding = 4; lastKnownFileType = sourcecode.c.objc; path = CocoaMite.m; sourceTree = "<group>"; };
		606D9C9517FB05FD0088351E /* UTests.m */ = {isa = PBXFileReference; fileEncoding = 4; lastKnownFileType = sourcecode.c.objc; path = UTests.m; sourceTree = "<group>"; };
		60C3A53617F9897C005F0EB7 /* Tests.octest */ = {isa = PBXFileReference; explicitFileType = wrapper.cfbundle; includeInIndex = 0; path = Tests.octest; sourceTree = BUILT_PRODUCTS_DIR; };
		60C3A53917F9897C005F0EB7 /* SenTestingKit.framework */ = {isa = PBXFileReference; lastKnownFileType = wrapper.framework; name = SenTestingKit.framework; path = Library/Frameworks/SenTestingKit.framework; sourceTree = DEVELOPER_DIR; };
		60C3A54117F9897C005F0EB7 /* Tests-Info.plist */ = {isa = PBXFileReference; lastKnownFileType = text.plist.xml; path = "Tests-Info.plist"; sourceTree = "<group>"; };
		60C3A54317F9897C005F0EB7 /* en */ = {isa = PBXFileReference; lastKnownFileType = text.plist.strings; name = en; path = en.lproj/InfoPlist.strings; sourceTree = "<group>"; };
		60C3A54517F9897C005F0EB7 /* RTests.m */ = {isa = PBXFileReference; lastKnownFileType = sourcecode.c.objc; path = RTests.m; sourceTree = "<group>"; };
		60C3A54717F9897C005F0EB7 /* Tests-Prefix.pch */ = {isa = PBXFileReference; lastKnownFileType = sourcecode.c.h; path = "Tests-Prefix.pch"; sourceTree = "<group>"; };
		60CECC721805366800D87A03 /* AFHTTPClient.h */ = {isa = PBXFileReference; fileEncoding = 4; lastKnownFileType = sourcecode.c.h; path = AFHTTPClient.h; sourceTree = "<group>"; };
		60CECC731805366800D87A03 /* AFHTTPClient.m */ = {isa = PBXFileReference; fileEncoding = 4; lastKnownFileType = sourcecode.c.objc; path = AFHTTPClient.m; sourceTree = "<group>"; };
		60CECC741805366800D87A03 /* AFHTTPRequestOperation.h */ = {isa = PBXFileReference; fileEncoding = 4; lastKnownFileType = sourcecode.c.h; path = AFHTTPRequestOperation.h; sourceTree = "<group>"; };
		60CECC751805366800D87A03 /* AFHTTPRequestOperation.m */ = {isa = PBXFileReference; fileEncoding = 4; lastKnownFileType = sourcecode.c.objc; path = AFHTTPRequestOperation.m; sourceTree = "<group>"; };
		60CECC761805366800D87A03 /* AFImageRequestOperation.h */ = {isa = PBXFileReference; fileEncoding = 4; lastKnownFileType = sourcecode.c.h; path = AFImageRequestOperation.h; sourceTree = "<group>"; };
		60CECC771805366800D87A03 /* AFImageRequestOperation.m */ = {isa = PBXFileReference; fileEncoding = 4; lastKnownFileType = sourcecode.c.objc; path = AFImageRequestOperation.m; sourceTree = "<group>"; };
		60CECC781805366800D87A03 /* AFJSONRequestOperation.h */ = {isa = PBXFileReference; fileEncoding = 4; lastKnownFileType = sourcecode.c.h; path = AFJSONRequestOperation.h; sourceTree = "<group>"; };
		60CECC791805366800D87A03 /* AFJSONRequestOperation.m */ = {isa = PBXFileReference; fileEncoding = 4; lastKnownFileType = sourcecode.c.objc; path = AFJSONRequestOperation.m; sourceTree = "<group>"; };
		60CECC7A1805366800D87A03 /* AFNetworkActivityIndicatorManager.h */ = {isa = PBXFileReference; fileEncoding = 4; lastKnownFileType = sourcecode.c.h; path = AFNetworkActivityIndicatorManager.h; sourceTree = "<group>"; };
		60CECC7B1805366800D87A03 /* AFNetworkActivityIndicatorManager.m */ = {isa = PBXFileReference; fileEncoding = 4; lastKnownFileType = sourcecode.c.objc; path = AFNetworkActivityIndicatorManager.m; sourceTree = "<group>"; };
		60CECC7C1805366800D87A03 /* AFNetworking.h */ = {isa = PBXFileReference; fileEncoding = 4; lastKnownFileType = sourcecode.c.h; path = AFNetworking.h; sourceTree = "<group>"; };
		60CECC7D1805366800D87A03 /* AFPropertyListRequestOperation.h */ = {isa = PBXFileReference; fileEncoding = 4; lastKnownFileType = sourcecode.c.h; path = AFPropertyListRequestOperation.h; sourceTree = "<group>"; };
		60CECC7E1805366800D87A03 /* AFPropertyListRequestOperation.m */ = {isa = PBXFileReference; fileEncoding = 4; lastKnownFileType = sourcecode.c.objc; path = AFPropertyListRequestOperation.m; sourceTree = "<group>"; };
		60CECC7F1805366800D87A03 /* AFURLConnectionOperation.h */ = {isa = PBXFileReference; fileEncoding = 4; lastKnownFileType = sourcecode.c.h; path = AFURLConnectionOperation.h; sourceTree = "<group>"; };
		60CECC801805366800D87A03 /* AFURLConnectionOperation.m */ = {isa = PBXFileReference; fileEncoding = 4; lastKnownFileType = sourcecode.c.objc; path = AFURLConnectionOperation.m; sourceTree = "<group>"; };
		60CECC811805366800D87A03 /* AFXMLRequestOperation.h */ = {isa = PBXFileReference; fileEncoding = 4; lastKnownFileType = sourcecode.c.h; path = AFXMLRequestOperation.h; sourceTree = "<group>"; };
		60CECC821805366800D87A03 /* AFXMLRequestOperation.m */ = {isa = PBXFileReference; fileEncoding = 4; lastKnownFileType = sourcecode.c.objc; path = AFXMLRequestOperation.m; sourceTree = "<group>"; };
		60CECC831805366800D87A03 /* UIImageView+AFNetworking.h */ = {isa = PBXFileReference; fileEncoding = 4; lastKnownFileType = sourcecode.c.h; path = "UIImageView+AFNetworking.h"; sourceTree = "<group>"; };
		60CECC841805366800D87A03 /* UIImageView+AFNetworking.m */ = {isa = PBXFileReference; fileEncoding = 4; lastKnownFileType = sourcecode.c.objc; path = "UIImageView+AFNetworking.m"; sourceTree = "<group>"; };
		60CECC921805372600D87A03 /* UIKit.framework */ = {isa = PBXFileReference; lastKnownFileType = wrapper.framework; name = UIKit.framework; path = Platforms/iPhoneOS.platform/Developer/SDKs/iPhoneOS7.0.sdk/System/Library/Frameworks/UIKit.framework; sourceTree = DEVELOPER_DIR; };
		60CECC941805372F00D87A03 /* Foundation.framework */ = {isa = PBXFileReference; lastKnownFileType = wrapper.framework; name = Foundation.framework; path = Platforms/iPhoneOS.platform/Developer/SDKs/iPhoneOS7.0.sdk/System/Library/Frameworks/Foundation.framework; sourceTree = DEVELOPER_DIR; };
		60E8A58C17FB1711000CF936 /* CTests.m */ = {isa = PBXFileReference; fileEncoding = 4; lastKnownFileType = sourcecode.c.objc; path = CTests.m; sourceTree = "<group>"; };
		60E8A58E17FB17B1000CF936 /* DTests.m */ = {isa = PBXFileReference; fileEncoding = 4; lastKnownFileType = sourcecode.c.objc; path = DTests.m; sourceTree = "<group>"; };
/* End PBXFileReference section */

/* Begin PBXFrameworksBuildPhase section */
		60C3A53317F9897C005F0EB7 /* Frameworks */ = {
			isa = PBXFrameworksBuildPhase;
			buildActionMask = 2147483647;
			files = (
				60CECC951805372F00D87A03 /* Foundation.framework in Frameworks */,
				60CECC931805372600D87A03 /* UIKit.framework in Frameworks */,
				60CECC8F1805371100D87A03 /* MobileCoreServices.framework in Frameworks */,
				60CECC8E1805370900D87A03 /* SystemConfiguration.framework in Frameworks */,
				60C3A53A17F9897C005F0EB7 /* SenTestingKit.framework in Frameworks */,
			);
			runOnlyForDeploymentPostprocessing = 0;
		};
/* End PBXFrameworksBuildPhase section */

/* Begin PBXGroup section */
		606D9C8917FAE3A00088351E /* Vendor */ = {
			isa = PBXGroup;
			children = (
				606D9C9117FAE5200088351E /* CocoaMite */,
			);
			name = Vendor;
			sourceTree = "<group>";
		};
		606D9C9117FAE5200088351E /* CocoaMite */ = {
			isa = PBXGroup;
			children = (
				60CECC711805366800D87A03 /* AFNetworking */,
				606D9C9217FAE5200088351E /* CocoaMite.h */,
				606D9C9317FAE5200088351E /* CocoaMite.m */,
			);
			name = CocoaMite;
			path = ../CocoaMite;
			sourceTree = "<group>";
		};
		60C3A52B17F98955005F0EB7 = {
			isa = PBXGroup;
			children = (
				60C3A53F17F9897C005F0EB7 /* Tests */,
				60C3A53817F9897C005F0EB7 /* Frameworks */,
				606D9C8917FAE3A00088351E /* Vendor */,
				60C3A53717F9897C005F0EB7 /* Products */,
			);
			sourceTree = "<group>";
		};
		60C3A53717F9897C005F0EB7 /* Products */ = {
			isa = PBXGroup;
			children = (
				60C3A53617F9897C005F0EB7 /* Tests.octest */,
			);
			name = Products;
			sourceTree = "<group>";
		};
		60C3A53817F9897C005F0EB7 /* Frameworks */ = {
			isa = PBXGroup;
			children = (
				60CECC941805372F00D87A03 /* Foundation.framework */,
				60CECC921805372600D87A03 /* UIKit.framework */,
				604F30D917FC19EA00ADF66E /* MobileCoreServices.framework */,
				604F30D717FC19E500ADF66E /* SystemConfiguration.framework */,
				6056110A17F9B2EE00102BE4 /* Cocoa.framework */,
				6056110817F9B2E900102BE4 /* Foundation.framework */,
				60C3A53917F9897C005F0EB7 /* SenTestingKit.framework */,
			);
			name = Frameworks;
			sourceTree = "<group>";
		};
		60C3A53F17F9897C005F0EB7 /* Tests */ = {
			isa = PBXGroup;
			children = (
				602F7BA718003E1700F2E0B7 /* Defines.h */,
				60E8A58C17FB1711000CF936 /* CTests.m */,
				60C3A54517F9897C005F0EB7 /* RTests.m */,
				606D9C9517FB05FD0088351E /* UTests.m */,
				60E8A58E17FB17B1000CF936 /* DTests.m */,
				60C3A54017F9897C005F0EB7 /* Supporting Files */,
			);
			path = Tests;
			sourceTree = "<group>";
		};
		60C3A54017F9897C005F0EB7 /* Supporting Files */ = {
			isa = PBXGroup;
			children = (
				60C3A54117F9897C005F0EB7 /* Tests-Info.plist */,
				60C3A54217F9897C005F0EB7 /* InfoPlist.strings */,
				60C3A54717F9897C005F0EB7 /* Tests-Prefix.pch */,
			);
			name = "Supporting Files";
			sourceTree = "<group>";
		};
		60CECC711805366800D87A03 /* AFNetworking */ = {
			isa = PBXGroup;
			children = (
				60CECC721805366800D87A03 /* AFHTTPClient.h */,
				60CECC731805366800D87A03 /* AFHTTPClient.m */,
				60CECC741805366800D87A03 /* AFHTTPRequestOperation.h */,
				60CECC751805366800D87A03 /* AFHTTPRequestOperation.m */,
				60CECC761805366800D87A03 /* AFImageRequestOperation.h */,
				60CECC771805366800D87A03 /* AFImageRequestOperation.m */,
				60CECC781805366800D87A03 /* AFJSONRequestOperation.h */,
				60CECC791805366800D87A03 /* AFJSONRequestOperation.m */,
				60CECC7A1805366800D87A03 /* AFNetworkActivityIndicatorManager.h */,
				60CECC7B1805366800D87A03 /* AFNetworkActivityIndicatorManager.m */,
				60CECC7C1805366800D87A03 /* AFNetworking.h */,
				60CECC7D1805366800D87A03 /* AFPropertyListRequestOperation.h */,
				60CECC7E1805366800D87A03 /* AFPropertyListRequestOperation.m */,
				60CECC7F1805366800D87A03 /* AFURLConnectionOperation.h */,
				60CECC801805366800D87A03 /* AFURLConnectionOperation.m */,
				60CECC811805366800D87A03 /* AFXMLRequestOperation.h */,
				60CECC821805366800D87A03 /* AFXMLRequestOperation.m */,
				60CECC831805366800D87A03 /* UIImageView+AFNetworking.h */,
				60CECC841805366800D87A03 /* UIImageView+AFNetworking.m */,
			);
			name = AFNetworking;
			path = ../AFNetworking/AFNetworking;
			sourceTree = "<group>";
		};
/* End PBXGroup section */

/* Begin PBXNativeTarget section */
		60C3A53517F9897C005F0EB7 /* Tests */ = {
			isa = PBXNativeTarget;
			buildConfigurationList = 60C3A54A17F9897C005F0EB7 /* Build configuration list for PBXNativeTarget "Tests" */;
			buildPhases = (
				60C3A53217F9897C005F0EB7 /* Sources */,
				60C3A53317F9897C005F0EB7 /* Frameworks */,
				60C3A53417F9897C005F0EB7 /* Resources */,
			);
			buildRules = (
			);
			dependencies = (
			);
			name = Tests;
			productName = Tests;
			productReference = 60C3A53617F9897C005F0EB7 /* Tests.octest */;
			productType = "com.apple.product-type.bundle";
		};
/* End PBXNativeTarget section */

/* Begin PBXProject section */
		60C3A52C17F98955005F0EB7 /* Project object */ = {
			isa = PBXProject;
			attributes = {
				LastUpgradeCheck = 0500;
			};
			buildConfigurationList = 60C3A52F17F98955005F0EB7 /* Build configuration list for PBXProject "Tests" */;
			compatibilityVersion = "Xcode 3.2";
			developmentRegion = English;
			hasScannedForEncodings = 0;
			knownRegions = (
				en,
			);
			mainGroup = 60C3A52B17F98955005F0EB7;
			productRefGroup = 60C3A53717F9897C005F0EB7 /* Products */;
			projectDirPath = "";
			projectRoot = "";
			targets = (
				60C3A53517F9897C005F0EB7 /* Tests */,
			);
		};
/* End PBXProject section */

/* Begin PBXResourcesBuildPhase section */
		60C3A53417F9897C005F0EB7 /* Resources */ = {
			isa = PBXResourcesBuildPhase;
			buildActionMask = 2147483647;
			files = (
				60C3A54417F9897C005F0EB7 /* InfoPlist.strings in Resources */,
			);
			runOnlyForDeploymentPostprocessing = 0;
		};
/* End PBXResourcesBuildPhase section */

/* Begin PBXSourcesBuildPhase section */
		60C3A53217F9897C005F0EB7 /* Sources */ = {
			isa = PBXSourcesBuildPhase;
			buildActionMask = 2147483647;
			files = (
				60CECC871805366800D87A03 /* AFImageRequestOperation.m in Sources */,
				60E8A58F17FB17B1000CF936 /* DTests.m in Sources */,
				606D9C9617FB05FD0088351E /* UTests.m in Sources */,
				60CECC8C1805366800D87A03 /* AFXMLRequestOperation.m in Sources */,
				60E8A58D17FB1711000CF936 /* CTests.m in Sources */,
				60CECC8D1805366800D87A03 /* UIImageView+AFNetworking.m in Sources */,
				60CECC8B1805366800D87A03 /* AFURLConnectionOperation.m in Sources */,
				60CECC891805366800D87A03 /* AFNetworkActivityIndicatorManager.m in Sources */,
				606D9C9417FAE5200088351E /* CocoaMite.m in Sources */,
				60CECC881805366800D87A03 /* AFJSONRequestOperation.m in Sources */,
				60C3A54617F9897C005F0EB7 /* RTests.m in Sources */,
				60CECC8A1805366800D87A03 /* AFPropertyListRequestOperation.m in Sources */,
				60CECC851805366800D87A03 /* AFHTTPClient.m in Sources */,
				60CECC861805366800D87A03 /* AFHTTPRequestOperation.m in Sources */,
			);
			runOnlyForDeploymentPostprocessing = 0;
		};
/* End PBXSourcesBuildPhase section */

/* Begin PBXVariantGroup section */
		60C3A54217F9897C005F0EB7 /* InfoPlist.strings */ = {
			isa = PBXVariantGroup;
			children = (
				60C3A54317F9897C005F0EB7 /* en */,
			);
			name = InfoPlist.strings;
			sourceTree = "<group>";
		};
/* End PBXVariantGroup section */

/* Begin XCBuildConfiguration section */
		60C3A53017F98955005F0EB7 /* Debug */ = {
			isa = XCBuildConfiguration;
			buildSettings = {
			};
			name = Debug;
		};
		60C3A53117F98955005F0EB7 /* Release */ = {
			isa = XCBuildConfiguration;
			buildSettings = {
			};
			name = Release;
		};
		60C3A54817F9897C005F0EB7 /* Debug */ = {
			isa = XCBuildConfiguration;
			buildSettings = {
				ALWAYS_SEARCH_USER_PATHS = NO;
				ARCHS = "$(ARCHS_STANDARD_INCLUDING_64_BIT)";
				CLANG_CXX_LANGUAGE_STANDARD = "gnu++0x";
				CLANG_CXX_LIBRARY = "libc++";
				CLANG_ENABLE_MODULES = YES;
				CLANG_ENABLE_OBJC_ARC = YES;
				CLANG_WARN_BOOL_CONVERSION = YES;
				CLANG_WARN_CONSTANT_CONVERSION = YES;
				CLANG_WARN_DIRECT_OBJC_ISA_USAGE = YES_ERROR;
				CLANG_WARN_EMPTY_BODY = YES;
				CLANG_WARN_ENUM_CONVERSION = YES;
				CLANG_WARN_INT_CONVERSION = YES;
				CLANG_WARN_OBJC_ROOT_CLASS = YES_ERROR;
				CLANG_WARN__DUPLICATE_METHOD_MATCH = YES;
				COPY_PHASE_STRIP = NO;
				FRAMEWORK_SEARCH_PATHS = (
					"$(SDKROOT)/Developer/Library/Frameworks",
					"$(inherited)",
					"$(DEVELOPER_FRAMEWORKS_DIR)",
				);
				GCC_C_LANGUAGE_STANDARD = gnu99;
				GCC_DYNAMIC_NO_PIC = NO;
				GCC_OPTIMIZATION_LEVEL = 0;
				GCC_PRECOMPILE_PREFIX_HEADER = YES;
				GCC_PREFIX_HEADER = "Tests/Tests-Prefix.pch";
				GCC_PREPROCESSOR_DEFINITIONS = (
					"DEBUG=1",
					"$(inherited)",
				);
				GCC_SYMBOLS_PRIVATE_EXTERN = NO;
				GCC_WARN_64_TO_32_BIT_CONVERSION = YES;
				GCC_WARN_ABOUT_RETURN_TYPE = YES_ERROR;
				GCC_WARN_UNDECLARED_SELECTOR = YES;
				GCC_WARN_UNINITIALIZED_AUTOS = YES;
				GCC_WARN_UNUSED_FUNCTION = YES;
				GCC_WARN_UNUSED_VARIABLE = YES;
				INFOPLIST_FILE = "Tests/Tests-Info.plist";
				IPHONEOS_DEPLOYMENT_TARGET = 6.0;
				ONLY_ACTIVE_ARCH = YES;
				PRODUCT_NAME = "$(TARGET_NAME)";
				SDKROOT = iphoneos;
				WRAPPER_EXTENSION = octest;
			};
			name = Debug;
		};
		60C3A54917F9897C005F0EB7 /* Release */ = {
			isa = XCBuildConfiguration;
			buildSettings = {
				ALWAYS_SEARCH_USER_PATHS = NO;
				ARCHS = "$(ARCHS_STANDARD_INCLUDING_64_BIT)";
				CLANG_CXX_LANGUAGE_STANDARD = "gnu++0x";
				CLANG_CXX_LIBRARY = "libc++";
				CLANG_ENABLE_MODULES = YES;
				CLANG_ENABLE_OBJC_ARC = YES;
				CLANG_WARN_BOOL_CONVERSION = YES;
				CLANG_WARN_CONSTANT_CONVERSION = YES;
				CLANG_WARN_DIRECT_OBJC_ISA_USAGE = YES_ERROR;
				CLANG_WARN_EMPTY_BODY = YES;
				CLANG_WARN_ENUM_CONVERSION = YES;
				CLANG_WARN_INT_CONVERSION = YES;
				CLANG_WARN_OBJC_ROOT_CLASS = YES_ERROR;
				CLANG_WARN__DUPLICATE_METHOD_MATCH = YES;
				COPY_PHASE_STRIP = YES;
				ENABLE_NS_ASSERTIONS = NO;
				FRAMEWORK_SEARCH_PATHS = (
					"$(SDKROOT)/Developer/Library/Frameworks",
					"$(inherited)",
					"$(DEVELOPER_FRAMEWORKS_DIR)",
				);
				GCC_C_LANGUAGE_STANDARD = gnu99;
				GCC_PRECOMPILE_PREFIX_HEADER = YES;
				GCC_PREFIX_HEADER = "Tests/Tests-Prefix.pch";
				GCC_WARN_64_TO_32_BIT_CONVERSION = YES;
				GCC_WARN_ABOUT_RETURN_TYPE = YES_ERROR;
				GCC_WARN_UNDECLARED_SELECTOR = YES;
				GCC_WARN_UNINITIALIZED_AUTOS = YES;
				GCC_WARN_UNUSED_FUNCTION = YES;
				GCC_WARN_UNUSED_VARIABLE = YES;
				INFOPLIST_FILE = "Tests/Tests-Info.plist";
				IPHONEOS_DEPLOYMENT_TARGET = 6.0;
				PRODUCT_NAME = "$(TARGET_NAME)";
				SDKROOT = iphoneos;
				VALIDATE_PRODUCT = YES;
				WRAPPER_EXTENSION = octest;
			};
			name = Release;
		};
/* End XCBuildConfiguration section */

/* Begin XCConfigurationList section */
		60C3A52F17F98955005F0EB7 /* Build configuration list for PBXProject "Tests" */ = {
			isa = XCConfigurationList;
			buildConfigurations = (
				60C3A53017F98955005F0EB7 /* Debug */,
				60C3A53117F98955005F0EB7 /* Release */,
			);
			defaultConfigurationIsVisible = 0;
			defaultConfigurationName = Release;
		};
		60C3A54A17F9897C005F0EB7 /* Build configuration list for PBXNativeTarget "Tests" */ = {
			isa = XCConfigurationList;
			buildConfigurations = (
				60C3A54817F9897C005F0EB7 /* Debug */,
				60C3A54917F9897C005F0EB7 /* Release */,
			);
			defaultConfigurationIsVisible = 0;
			defaultConfigurationName = Release;
		};
/* End XCConfigurationList section */
	};
	rootObject = 60C3A52C17F98955005F0EB7 /* Project object */;
}
